// !$*UTF8*$!
{
	archiveVersion = 1;
	classes = {
	};
	objectVersion = 50;
	objects = {

/* Begin PBXBuildFile section */
		ACF7049B05DBBDDDC8A95DFE /* Pods_CleanKiwiTests.framework in Frameworks */ = {isa = PBXBuildFile; fileRef = F28909363152CB6D9033B86D /* Pods_CleanKiwiTests.framework */; };
		BE2C1F2521AC30DF0000161A /* AppDelegate.swift in Sources */ = {isa = PBXBuildFile; fileRef = BE2C1F2421AC30DF0000161A /* AppDelegate.swift */; };
		BE2C1F2721AC30DF0000161A /* LoginViewController.swift in Sources */ = {isa = PBXBuildFile; fileRef = BE2C1F2621AC30DF0000161A /* LoginViewController.swift */; };
		BE2C1F2A21AC30DF0000161A /* Login.storyboard in Resources */ = {isa = PBXBuildFile; fileRef = BE2C1F2821AC30DF0000161A /* Login.storyboard */; };
		BE2C1F2C21AC30E00000161A /* Assets.xcassets in Resources */ = {isa = PBXBuildFile; fileRef = BE2C1F2B21AC30E00000161A /* Assets.xcassets */; };
		BE2C1F2F21AC30E00000161A /* LaunchScreen.storyboard in Resources */ = {isa = PBXBuildFile; fileRef = BE2C1F2D21AC30E00000161A /* LaunchScreen.storyboard */; };
		BE2C1F3A21AC30E00000161A /* CleanKiwiTests.swift in Sources */ = {isa = PBXBuildFile; fileRef = BE2C1F3921AC30E00000161A /* CleanKiwiTests.swift */; };
		BE2C1F5221AC34540000161A /* CleanKiwiCore.framework in Frameworks */ = {isa = PBXBuildFile; fileRef = BE2C1F4921AC34540000161A /* CleanKiwiCore.framework */; };
		BE2C1F5921AC34540000161A /* CleanKiwiCoreTests.swift in Sources */ = {isa = PBXBuildFile; fileRef = BE2C1F5821AC34540000161A /* CleanKiwiCoreTests.swift */; };
		BE2C1F5B21AC34540000161A /* CleanKiwiCore.h in Headers */ = {isa = PBXBuildFile; fileRef = BE2C1F4B21AC34540000161A /* CleanKiwiCore.h */; settings = {ATTRIBUTES = (Public, ); }; };
		BE2C1F5E21AC34540000161A /* CleanKiwiCore.framework in Frameworks */ = {isa = PBXBuildFile; fileRef = BE2C1F4921AC34540000161A /* CleanKiwiCore.framework */; };
		BE2C1F5F21AC34540000161A /* CleanKiwiCore.framework in Embed Frameworks */ = {isa = PBXBuildFile; fileRef = BE2C1F4921AC34540000161A /* CleanKiwiCore.framework */; settings = {ATTRIBUTES = (CodeSignOnCopy, RemoveHeadersOnCopy, ); }; };
		BE75465121AD6301005FF2D7 /* InstanceProvider.swift in Sources */ = {isa = PBXBuildFile; fileRef = BE75465021AD6301005FF2D7 /* InstanceProvider.swift */; };
		BE75465421AD6A8E005FF2D7 /* LoginView.swift in Sources */ = {isa = PBXBuildFile; fileRef = BE75465321AD6A8E005FF2D7 /* LoginView.swift */; };
		BE75465621AD6C32005FF2D7 /* LoginPresenter.swift in Sources */ = {isa = PBXBuildFile; fileRef = BE75465521AD6C32005FF2D7 /* LoginPresenter.swift */; };
		BE75465A21AD709E005FF2D7 /* LoginPresenterTests.swift in Sources */ = {isa = PBXBuildFile; fileRef = BE75465921AD709E005FF2D7 /* LoginPresenterTests.swift */; };
		BE75465D21AD74F3005FF2D7 /* AppKit.framework in Frameworks */ = {isa = PBXBuildFile; fileRef = BE75465C21AD74F3005FF2D7 /* AppKit.framework */; };
		D5FAD8B600652A5B6D734101 /* Pods_CleanKiwi.framework in Frameworks */ = {isa = PBXBuildFile; fileRef = CB925235BE2E1DDB66BD6387 /* Pods_CleanKiwi.framework */; };
/* End PBXBuildFile section */

/* Begin PBXContainerItemProxy section */
		BE2C1F3621AC30E00000161A /* PBXContainerItemProxy */ = {
			isa = PBXContainerItemProxy;
			containerPortal = BE2C1F1921AC30DF0000161A /* Project object */;
			proxyType = 1;
			remoteGlobalIDString = BE2C1F2021AC30DF0000161A;
			remoteInfo = CleanKiwi;
		};
		BE2C1F5321AC34540000161A /* PBXContainerItemProxy */ = {
			isa = PBXContainerItemProxy;
			containerPortal = BE2C1F1921AC30DF0000161A /* Project object */;
			proxyType = 1;
			remoteGlobalIDString = BE2C1F4821AC34540000161A;
			remoteInfo = CleanKiwiCore;
		};
		BE2C1F5C21AC34540000161A /* PBXContainerItemProxy */ = {
			isa = PBXContainerItemProxy;
			containerPortal = BE2C1F1921AC30DF0000161A /* Project object */;
			proxyType = 1;
			remoteGlobalIDString = BE2C1F4821AC34540000161A;
			remoteInfo = CleanKiwiCore;
		};
/* End PBXContainerItemProxy section */

/* Begin PBXCopyFilesBuildPhase section */
		BE2C1F6521AC34540000161A /* Embed Frameworks */ = {
			isa = PBXCopyFilesBuildPhase;
			buildActionMask = 2147483647;
			dstPath = "";
			dstSubfolderSpec = 10;
			files = (
				BE2C1F5F21AC34540000161A /* CleanKiwiCore.framework in Embed Frameworks */,
			);
			name = "Embed Frameworks";
			runOnlyForDeploymentPostprocessing = 0;
		};
/* End PBXCopyFilesBuildPhase section */

/* Begin PBXFileReference section */
		0F7DC9DED46EF850C750706A /* Pods-CleanKiwi.debug.xcconfig */ = {isa = PBXFileReference; includeInIndex = 1; lastKnownFileType = text.xcconfig; name = "Pods-CleanKiwi.debug.xcconfig"; path = "Target Support Files/Pods-CleanKiwi/Pods-CleanKiwi.debug.xcconfig"; sourceTree = "<group>"; };
		16A49E6FFEA98F5B1A997E32 /* Pods-CleanKiwi.debug.xcconfig */ = {isa = PBXFileReference; includeInIndex = 1; lastKnownFileType = text.xcconfig; name = "Pods-CleanKiwi.debug.xcconfig"; path = "Pods/Target Support Files/Pods-CleanKiwi/Pods-CleanKiwi.debug.xcconfig"; sourceTree = "<group>"; };
		3853B9E464B3660AEE9D45B1 /* Pods-CleanKiwi.release.xcconfig */ = {isa = PBXFileReference; includeInIndex = 1; lastKnownFileType = text.xcconfig; name = "Pods-CleanKiwi.release.xcconfig"; path = "Target Support Files/Pods-CleanKiwi/Pods-CleanKiwi.release.xcconfig"; sourceTree = "<group>"; };
		48DCD8CA88204A15D76F6D05 /* Pods_CleanKiwiCoreTests.framework */ = {isa = PBXFileReference; explicitFileType = wrapper.framework; includeInIndex = 0; path = Pods_CleanKiwiCoreTests.framework; sourceTree = BUILT_PRODUCTS_DIR; };
		5DA8EA6BA48F0AB4EB38C7F3 /* Pods-CleanKiwiTests.debug.xcconfig */ = {isa = PBXFileReference; includeInIndex = 1; lastKnownFileType = text.xcconfig; name = "Pods-CleanKiwiTests.debug.xcconfig"; path = "Target Support Files/Pods-CleanKiwiTests/Pods-CleanKiwiTests.debug.xcconfig"; sourceTree = "<group>"; };
		64007D11A55A9DABFBE6A318 /* Pods-CleanKiwi.release.xcconfig */ = {isa = PBXFileReference; includeInIndex = 1; lastKnownFileType = text.xcconfig; name = "Pods-CleanKiwi.release.xcconfig"; path = "Pods/Target Support Files/Pods-CleanKiwi/Pods-CleanKiwi.release.xcconfig"; sourceTree = "<group>"; };
		8A2A6A211948EBC7D939D104 /* Pods_CleanKiwiCore.framework */ = {isa = PBXFileReference; explicitFileType = wrapper.framework; includeInIndex = 0; path = Pods_CleanKiwiCore.framework; sourceTree = BUILT_PRODUCTS_DIR; };
		8F21B35FA3B1DCC9775A860F /* Pods-CleanKiwiTests.debug.xcconfig */ = {isa = PBXFileReference; includeInIndex = 1; lastKnownFileType = text.xcconfig; name = "Pods-CleanKiwiTests.debug.xcconfig"; path = "Pods/Target Support Files/Pods-CleanKiwiTests/Pods-CleanKiwiTests.debug.xcconfig"; sourceTree = "<group>"; };
		AEF8682045F04386CA641DD7 /* Pods-CleanKiwiTests.release.xcconfig */ = {isa = PBXFileReference; includeInIndex = 1; lastKnownFileType = text.xcconfig; name = "Pods-CleanKiwiTests.release.xcconfig"; path = "Target Support Files/Pods-CleanKiwiTests/Pods-CleanKiwiTests.release.xcconfig"; sourceTree = "<group>"; };
		BE2C1F2121AC30DF0000161A /* CleanKiwi.app */ = {isa = PBXFileReference; explicitFileType = wrapper.application; includeInIndex = 0; path = CleanKiwi.app; sourceTree = BUILT_PRODUCTS_DIR; };
		BE2C1F2421AC30DF0000161A /* AppDelegate.swift */ = {isa = PBXFileReference; lastKnownFileType = sourcecode.swift; path = AppDelegate.swift; sourceTree = "<group>"; };
		BE2C1F2621AC30DF0000161A /* LoginViewController.swift */ = {isa = PBXFileReference; lastKnownFileType = sourcecode.swift; path = LoginViewController.swift; sourceTree = "<group>"; };
		BE2C1F2921AC30DF0000161A /* Base */ = {isa = PBXFileReference; lastKnownFileType = file.storyboard; name = Base; path = Base.lproj/Login.storyboard; sourceTree = "<group>"; };
		BE2C1F2B21AC30E00000161A /* Assets.xcassets */ = {isa = PBXFileReference; lastKnownFileType = folder.assetcatalog; path = Assets.xcassets; sourceTree = "<group>"; };
		BE2C1F2E21AC30E00000161A /* Base */ = {isa = PBXFileReference; lastKnownFileType = file.storyboard; name = Base; path = Base.lproj/LaunchScreen.storyboard; sourceTree = "<group>"; };
		BE2C1F3021AC30E00000161A /* Info.plist */ = {isa = PBXFileReference; lastKnownFileType = text.plist.xml; path = Info.plist; sourceTree = "<group>"; };
		BE2C1F3521AC30E00000161A /* CleanKiwiTests.xctest */ = {isa = PBXFileReference; explicitFileType = wrapper.cfbundle; includeInIndex = 0; path = CleanKiwiTests.xctest; sourceTree = BUILT_PRODUCTS_DIR; };
		BE2C1F3921AC30E00000161A /* CleanKiwiTests.swift */ = {isa = PBXFileReference; lastKnownFileType = sourcecode.swift; path = CleanKiwiTests.swift; sourceTree = "<group>"; };
		BE2C1F3B21AC30E00000161A /* Info.plist */ = {isa = PBXFileReference; lastKnownFileType = text.plist.xml; path = Info.plist; sourceTree = "<group>"; };
		BE2C1F4921AC34540000161A /* CleanKiwiCore.framework */ = {isa = PBXFileReference; explicitFileType = wrapper.framework; includeInIndex = 0; path = CleanKiwiCore.framework; sourceTree = BUILT_PRODUCTS_DIR; };
		BE2C1F4B21AC34540000161A /* CleanKiwiCore.h */ = {isa = PBXFileReference; lastKnownFileType = sourcecode.c.h; path = CleanKiwiCore.h; sourceTree = "<group>"; };
		BE2C1F4C21AC34540000161A /* Info.plist */ = {isa = PBXFileReference; lastKnownFileType = text.plist.xml; path = Info.plist; sourceTree = "<group>"; };
		BE2C1F5121AC34540000161A /* CleanKiwiCoreTests.xctest */ = {isa = PBXFileReference; explicitFileType = wrapper.cfbundle; includeInIndex = 0; path = CleanKiwiCoreTests.xctest; sourceTree = BUILT_PRODUCTS_DIR; };
		BE2C1F5821AC34540000161A /* CleanKiwiCoreTests.swift */ = {isa = PBXFileReference; lastKnownFileType = sourcecode.swift; path = CleanKiwiCoreTests.swift; sourceTree = "<group>"; };
		BE2C1F5A21AC34540000161A /* Info.plist */ = {isa = PBXFileReference; lastKnownFileType = text.plist.xml; path = Info.plist; sourceTree = "<group>"; };
		BE75465021AD6301005FF2D7 /* InstanceProvider.swift */ = {isa = PBXFileReference; lastKnownFileType = sourcecode.swift; path = InstanceProvider.swift; sourceTree = "<group>"; };
		BE75465321AD6A8E005FF2D7 /* LoginView.swift */ = {isa = PBXFileReference; lastKnownFileType = sourcecode.swift; path = LoginView.swift; sourceTree = "<group>"; };
		BE75465521AD6C32005FF2D7 /* LoginPresenter.swift */ = {isa = PBXFileReference; lastKnownFileType = sourcecode.swift; path = LoginPresenter.swift; sourceTree = "<group>"; };
		BE75465921AD709E005FF2D7 /* LoginPresenterTests.swift */ = {isa = PBXFileReference; lastKnownFileType = sourcecode.swift; path = LoginPresenterTests.swift; sourceTree = "<group>"; };
		BE75465C21AD74F3005FF2D7 /* AppKit.framework */ = {isa = PBXFileReference; lastKnownFileType = wrapper.framework; name = AppKit.framework; path = Platforms/MacOSX.platform/Developer/SDKs/MacOSX10.14.sdk/System/Library/Frameworks/AppKit.framework; sourceTree = DEVELOPER_DIR; };
		CB925235BE2E1DDB66BD6387 /* Pods_CleanKiwi.framework */ = {isa = PBXFileReference; explicitFileType = wrapper.framework; includeInIndex = 0; path = Pods_CleanKiwi.framework; sourceTree = BUILT_PRODUCTS_DIR; };
		F27F619D79005E7AB27016F3 /* Pods-CleanKiwiTests.release.xcconfig */ = {isa = PBXFileReference; includeInIndex = 1; lastKnownFileType = text.xcconfig; name = "Pods-CleanKiwiTests.release.xcconfig"; path = "Pods/Target Support Files/Pods-CleanKiwiTests/Pods-CleanKiwiTests.release.xcconfig"; sourceTree = "<group>"; };
		F28909363152CB6D9033B86D /* Pods_CleanKiwiTests.framework */ = {isa = PBXFileReference; explicitFileType = wrapper.framework; includeInIndex = 0; path = Pods_CleanKiwiTests.framework; sourceTree = BUILT_PRODUCTS_DIR; };
/* End PBXFileReference section */

/* Begin PBXFrameworksBuildPhase section */
		BE2C1F1E21AC30DF0000161A /* Frameworks */ = {
			isa = PBXFrameworksBuildPhase;
			buildActionMask = 2147483647;
			files = (
				BE2C1F5E21AC34540000161A /* CleanKiwiCore.framework in Frameworks */,
				D5FAD8B600652A5B6D734101 /* Pods_CleanKiwi.framework in Frameworks */,
			);
			runOnlyForDeploymentPostprocessing = 0;
		};
		BE2C1F3221AC30E00000161A /* Frameworks */ = {
			isa = PBXFrameworksBuildPhase;
			buildActionMask = 2147483647;
			files = (
				ACF7049B05DBBDDDC8A95DFE /* Pods_CleanKiwiTests.framework in Frameworks */,
			);
			runOnlyForDeploymentPostprocessing = 0;
		};
		BE2C1F4621AC34540000161A /* Frameworks */ = {
			isa = PBXFrameworksBuildPhase;
			buildActionMask = 2147483647;
			files = (
			);
			runOnlyForDeploymentPostprocessing = 0;
		};
		BE2C1F4E21AC34540000161A /* Frameworks */ = {
			isa = PBXFrameworksBuildPhase;
			buildActionMask = 2147483647;
			files = (
				BE75465D21AD74F3005FF2D7 /* AppKit.framework in Frameworks */,
				BE2C1F5221AC34540000161A /* CleanKiwiCore.framework in Frameworks */,
			);
			runOnlyForDeploymentPostprocessing = 0;
		};
/* End PBXFrameworksBuildPhase section */

/* Begin PBXGroup section */
		9E29EEB4770B939473B95565 /* Frameworks */ = {
			isa = PBXGroup;
			children = (
				BE75465C21AD74F3005FF2D7 /* AppKit.framework */,
				CB925235BE2E1DDB66BD6387 /* Pods_CleanKiwi.framework */,
				F28909363152CB6D9033B86D /* Pods_CleanKiwiTests.framework */,
				8A2A6A211948EBC7D939D104 /* Pods_CleanKiwiCore.framework */,
				48DCD8CA88204A15D76F6D05 /* Pods_CleanKiwiCoreTests.framework */,
			);
			name = Frameworks;
			sourceTree = "<group>";
		};
		BE2C1F1821AC30DF0000161A = {
			isa = PBXGroup;
			children = (
				BE2C1F2321AC30DF0000161A /* CleanKiwi */,
				BE2C1F3821AC30E00000161A /* CleanKiwiTests */,
				BE2C1F4A21AC34540000161A /* CleanKiwiCore */,
				BE2C1F5721AC34540000161A /* CleanKiwiCoreTests */,
				BE2C1F2221AC30DF0000161A /* Products */,
				CDED8B4556B96B72F187A47B /* Pods */,
				9E29EEB4770B939473B95565 /* Frameworks */,
			);
			sourceTree = "<group>";
		};
		BE2C1F2221AC30DF0000161A /* Products */ = {
			isa = PBXGroup;
			children = (
				BE2C1F2121AC30DF0000161A /* CleanKiwi.app */,
				BE2C1F3521AC30E00000161A /* CleanKiwiTests.xctest */,
				BE2C1F4921AC34540000161A /* CleanKiwiCore.framework */,
				BE2C1F5121AC34540000161A /* CleanKiwiCoreTests.xctest */,
			);
			name = Products;
			sourceTree = "<group>";
		};
		BE2C1F2321AC30DF0000161A /* CleanKiwi */ = {
			isa = PBXGroup;
			children = (
				BE75464E21AD625C005FF2D7 /* Dependency Injection */,
				BE2C1F6721AC34BD0000161A /* Login */,
				BE2C1F2421AC30DF0000161A /* AppDelegate.swift */,
				BE2C1F2B21AC30E00000161A /* Assets.xcassets */,
				BE2C1F2D21AC30E00000161A /* LaunchScreen.storyboard */,
				BE2C1F3021AC30E00000161A /* Info.plist */,
			);
			path = CleanKiwi;
			sourceTree = "<group>";
		};
		BE2C1F3821AC30E00000161A /* CleanKiwiTests */ = {
			isa = PBXGroup;
			children = (
				BE2C1F3921AC30E00000161A /* CleanKiwiTests.swift */,
				BE2C1F3B21AC30E00000161A /* Info.plist */,
			);
			path = CleanKiwiTests;
			sourceTree = "<group>";
		};
		BE2C1F4A21AC34540000161A /* CleanKiwiCore */ = {
			isa = PBXGroup;
			children = (
				BE75464B21AD6243005FF2D7 /* Login */,
				BE2C1F4B21AC34540000161A /* CleanKiwiCore.h */,
				BE2C1F4C21AC34540000161A /* Info.plist */,
			);
			path = CleanKiwiCore;
			sourceTree = "<group>";
		};
		BE2C1F5721AC34540000161A /* CleanKiwiCoreTests */ = {
			isa = PBXGroup;
			children = (
				BE75465721AD7085005FF2D7 /* Login */,
				BE2C1F5821AC34540000161A /* CleanKiwiCoreTests.swift */,
				BE2C1F5A21AC34540000161A /* Info.plist */,
			);
			path = CleanKiwiCoreTests;
			sourceTree = "<group>";
		};
		BE2C1F6721AC34BD0000161A /* Login */ = {
			isa = PBXGroup;
			children = (
				BE2C1F6821AC34F00000161A /* View */,
			);
			path = Login;
			sourceTree = "<group>";
		};
		BE2C1F6821AC34F00000161A /* View */ = {
			isa = PBXGroup;
			children = (
				BE2C1F2621AC30DF0000161A /* LoginViewController.swift */,
				BE2C1F2821AC30DF0000161A /* Login.storyboard */,
			);
			path = View;
			sourceTree = "<group>";
		};
		BE75464B21AD6243005FF2D7 /* Login */ = {
			isa = PBXGroup;
			children = (
				BE75465221AD6A86005FF2D7 /* Presentation */,
				BE75464D21AD6252005FF2D7 /* Domain */,
				BE75464C21AD624C005FF2D7 /* Application */,
			);
			path = Login;
			sourceTree = "<group>";
		};
		BE75464C21AD624C005FF2D7 /* Application */ = {
			isa = PBXGroup;
			children = (
			);
			path = Application;
			sourceTree = "<group>";
		};
		BE75464D21AD6252005FF2D7 /* Domain */ = {
			isa = PBXGroup;
			children = (
			);
			path = Domain;
			sourceTree = "<group>";
		};
		BE75464E21AD625C005FF2D7 /* Dependency Injection */ = {
			isa = PBXGroup;
			children = (
				BE75464F21AD6266005FF2D7 /* Injection */,
			);
			path = "Dependency Injection";
			sourceTree = "<group>";
		};
		BE75464F21AD6266005FF2D7 /* Injection */ = {
			isa = PBXGroup;
			children = (
				BE75465021AD6301005FF2D7 /* InstanceProvider.swift */,
			);
			path = Injection;
			sourceTree = "<group>";
		};
		BE75465221AD6A86005FF2D7 /* Presentation */ = {
			isa = PBXGroup;
			children = (
				BE75465321AD6A8E005FF2D7 /* LoginView.swift */,
				BE75465521AD6C32005FF2D7 /* LoginPresenter.swift */,
			);
			path = Presentation;
			sourceTree = "<group>";
		};
		BE75465721AD7085005FF2D7 /* Login */ = {
			isa = PBXGroup;
			children = (
				BE75465821AD708B005FF2D7 /* Presentation */,
			);
			path = Login;
			sourceTree = "<group>";
		};
		BE75465821AD708B005FF2D7 /* Presentation */ = {
			isa = PBXGroup;
			children = (
				BE75465921AD709E005FF2D7 /* LoginPresenterTests.swift */,
			);
			path = Presentation;
			sourceTree = "<group>";
		};
		CDED8B4556B96B72F187A47B /* Pods */ = {
			isa = PBXGroup;
			children = (
				0F7DC9DED46EF850C750706A /* Pods-CleanKiwi.debug.xcconfig */,
				3853B9E464B3660AEE9D45B1 /* Pods-CleanKiwi.release.xcconfig */,
				5DA8EA6BA48F0AB4EB38C7F3 /* Pods-CleanKiwiTests.debug.xcconfig */,
				AEF8682045F04386CA641DD7 /* Pods-CleanKiwiTests.release.xcconfig */,
				16A49E6FFEA98F5B1A997E32 /* Pods-CleanKiwi.debug.xcconfig */,
				64007D11A55A9DABFBE6A318 /* Pods-CleanKiwi.release.xcconfig */,
				8F21B35FA3B1DCC9775A860F /* Pods-CleanKiwiTests.debug.xcconfig */,
				F27F619D79005E7AB27016F3 /* Pods-CleanKiwiTests.release.xcconfig */,
			);
			path = Pods;
			sourceTree = "<group>";
		};
/* End PBXGroup section */

/* Begin PBXHeadersBuildPhase section */
		BE2C1F4421AC34540000161A /* Headers */ = {
			isa = PBXHeadersBuildPhase;
			buildActionMask = 2147483647;
			files = (
				BE2C1F5B21AC34540000161A /* CleanKiwiCore.h in Headers */,
			);
			runOnlyForDeploymentPostprocessing = 0;
		};
/* End PBXHeadersBuildPhase section */

/* Begin PBXNativeTarget section */
		BE2C1F2021AC30DF0000161A /* CleanKiwi */ = {
			isa = PBXNativeTarget;
			buildConfigurationList = BE2C1F3E21AC30E00000161A /* Build configuration list for PBXNativeTarget "CleanKiwi" */;
			buildPhases = (
				75AAEBE27E67772E23C6225B /* [CP] Check Pods Manifest.lock */,
				BE2C1F1D21AC30DF0000161A /* Sources */,
				BE2C1F1E21AC30DF0000161A /* Frameworks */,
				BE2C1F1F21AC30DF0000161A /* Resources */,
				BE2C1F6521AC34540000161A /* Embed Frameworks */,
			);
			buildRules = (
			);
			dependencies = (
				BE2C1F5D21AC34540000161A /* PBXTargetDependency */,
			);
			name = CleanKiwi;
			productName = CleanKiwi;
			productReference = BE2C1F2121AC30DF0000161A /* CleanKiwi.app */;
			productType = "com.apple.product-type.application";
		};
		BE2C1F3421AC30E00000161A /* CleanKiwiTests */ = {
			isa = PBXNativeTarget;
			buildConfigurationList = BE2C1F4121AC30E00000161A /* Build configuration list for PBXNativeTarget "CleanKiwiTests" */;
			buildPhases = (
				74C8467F915717D51032FCF5 /* [CP] Check Pods Manifest.lock */,
				BE2C1F3121AC30E00000161A /* Sources */,
				BE2C1F3221AC30E00000161A /* Frameworks */,
				BE2C1F3321AC30E00000161A /* Resources */,
			);
			buildRules = (
			);
			dependencies = (
				BE2C1F3721AC30E00000161A /* PBXTargetDependency */,
			);
			name = CleanKiwiTests;
			productName = CleanKiwiTests;
			productReference = BE2C1F3521AC30E00000161A /* CleanKiwiTests.xctest */;
			productType = "com.apple.product-type.bundle.unit-test";
		};
		BE2C1F4821AC34540000161A /* CleanKiwiCore */ = {
			isa = PBXNativeTarget;
			buildConfigurationList = BE2C1F6421AC34540000161A /* Build configuration list for PBXNativeTarget "CleanKiwiCore" */;
			buildPhases = (
				BE2C1F4421AC34540000161A /* Headers */,
				BE2C1F4521AC34540000161A /* Sources */,
				BE2C1F4621AC34540000161A /* Frameworks */,
				BE2C1F4721AC34540000161A /* Resources */,
			);
			buildRules = (
			);
			dependencies = (
			);
			name = CleanKiwiCore;
			productName = CleanKiwiCore;
			productReference = BE2C1F4921AC34540000161A /* CleanKiwiCore.framework */;
			productType = "com.apple.product-type.framework";
		};
		BE2C1F5021AC34540000161A /* CleanKiwiCoreTests */ = {
			isa = PBXNativeTarget;
			buildConfigurationList = BE2C1F6621AC34540000161A /* Build configuration list for PBXNativeTarget "CleanKiwiCoreTests" */;
			buildPhases = (
				BE2C1F4D21AC34540000161A /* Sources */,
				BE2C1F4E21AC34540000161A /* Frameworks */,
				BE2C1F4F21AC34540000161A /* Resources */,
			);
			buildRules = (
			);
			dependencies = (
				BE2C1F5421AC34540000161A /* PBXTargetDependency */,
			);
			name = CleanKiwiCoreTests;
			productName = CleanKiwiCoreTests;
			productReference = BE2C1F5121AC34540000161A /* CleanKiwiCoreTests.xctest */;
			productType = "com.apple.product-type.bundle.unit-test";
		};
/* End PBXNativeTarget section */

/* Begin PBXProject section */
		BE2C1F1921AC30DF0000161A /* Project object */ = {
			isa = PBXProject;
			attributes = {
				LastSwiftUpdateCheck = 1010;
				LastUpgradeCheck = 1010;
				ORGANIZATIONNAME = Kiwi.com;
				TargetAttributes = {
					BE2C1F2021AC30DF0000161A = {
						CreatedOnToolsVersion = 10.1;
					};
					BE2C1F3421AC30E00000161A = {
						CreatedOnToolsVersion = 10.1;
						TestTargetID = BE2C1F2021AC30DF0000161A;
					};
					BE2C1F4821AC34540000161A = {
						CreatedOnToolsVersion = 10.1;
						LastSwiftMigration = 1010;
					};
					BE2C1F5021AC34540000161A = {
						CreatedOnToolsVersion = 10.1;
					};
				};
			};
			buildConfigurationList = BE2C1F1C21AC30DF0000161A /* Build configuration list for PBXProject "CleanKiwi" */;
			compatibilityVersion = "Xcode 9.3";
			developmentRegion = en;
			hasScannedForEncodings = 0;
			knownRegions = (
				en,
				Base,
			);
			mainGroup = BE2C1F1821AC30DF0000161A;
			productRefGroup = BE2C1F2221AC30DF0000161A /* Products */;
			projectDirPath = "";
			projectRoot = "";
			targets = (
				BE2C1F2021AC30DF0000161A /* CleanKiwi */,
				BE2C1F3421AC30E00000161A /* CleanKiwiTests */,
				BE2C1F4821AC34540000161A /* CleanKiwiCore */,
				BE2C1F5021AC34540000161A /* CleanKiwiCoreTests */,
			);
		};
/* End PBXProject section */

/* Begin PBXResourcesBuildPhase section */
		BE2C1F1F21AC30DF0000161A /* Resources */ = {
			isa = PBXResourcesBuildPhase;
			buildActionMask = 2147483647;
			files = (
				BE2C1F2F21AC30E00000161A /* LaunchScreen.storyboard in Resources */,
				BE2C1F2C21AC30E00000161A /* Assets.xcassets in Resources */,
				BE2C1F2A21AC30DF0000161A /* Login.storyboard in Resources */,
			);
			runOnlyForDeploymentPostprocessing = 0;
		};
		BE2C1F3321AC30E00000161A /* Resources */ = {
			isa = PBXResourcesBuildPhase;
			buildActionMask = 2147483647;
			files = (
			);
			runOnlyForDeploymentPostprocessing = 0;
		};
		BE2C1F4721AC34540000161A /* Resources */ = {
			isa = PBXResourcesBuildPhase;
			buildActionMask = 2147483647;
			files = (
			);
			runOnlyForDeploymentPostprocessing = 0;
		};
		BE2C1F4F21AC34540000161A /* Resources */ = {
			isa = PBXResourcesBuildPhase;
			buildActionMask = 2147483647;
			files = (
			);
			runOnlyForDeploymentPostprocessing = 0;
		};
/* End PBXResourcesBuildPhase section */

/* Begin PBXShellScriptBuildPhase section */
		74C8467F915717D51032FCF5 /* [CP] Check Pods Manifest.lock */ = {
			isa = PBXShellScriptBuildPhase;
			buildActionMask = 2147483647;
			files = (
			);
			inputPaths = (
				"${PODS_PODFILE_DIR_PATH}/Podfile.lock",
				"${PODS_ROOT}/Manifest.lock",
			);
			name = "[CP] Check Pods Manifest.lock";
			outputPaths = (
				"$(DERIVED_FILE_DIR)/Pods-CleanKiwiTests-checkManifestLockResult.txt",
			);
			runOnlyForDeploymentPostprocessing = 0;
			shellPath = /bin/sh;
			shellScript = "diff \"${PODS_PODFILE_DIR_PATH}/Podfile.lock\" \"${PODS_ROOT}/Manifest.lock\" > /dev/null\nif [ $? != 0 ] ; then\n    # print error to STDERR\n    echo \"error: The sandbox is not in sync with the Podfile.lock. Run 'pod install' or update your CocoaPods installation.\" >&2\n    exit 1\nfi\n# This output is used by Xcode 'outputs' to avoid re-running this script phase.\necho \"SUCCESS\" > \"${SCRIPT_OUTPUT_FILE_0}\"\n";
			showEnvVarsInLog = 0;
		};
		75AAEBE27E67772E23C6225B /* [CP] Check Pods Manifest.lock */ = {
			isa = PBXShellScriptBuildPhase;
			buildActionMask = 2147483647;
			files = (
			);
			inputPaths = (
				"${PODS_PODFILE_DIR_PATH}/Podfile.lock",
				"${PODS_ROOT}/Manifest.lock",
			);
			name = "[CP] Check Pods Manifest.lock";
			outputPaths = (
				"$(DERIVED_FILE_DIR)/Pods-CleanKiwi-checkManifestLockResult.txt",
			);
			runOnlyForDeploymentPostprocessing = 0;
			shellPath = /bin/sh;
			shellScript = "diff \"${PODS_PODFILE_DIR_PATH}/Podfile.lock\" \"${PODS_ROOT}/Manifest.lock\" > /dev/null\nif [ $? != 0 ] ; then\n    # print error to STDERR\n    echo \"error: The sandbox is not in sync with the Podfile.lock. Run 'pod install' or update your CocoaPods installation.\" >&2\n    exit 1\nfi\n# This output is used by Xcode 'outputs' to avoid re-running this script phase.\necho \"SUCCESS\" > \"${SCRIPT_OUTPUT_FILE_0}\"\n";
			showEnvVarsInLog = 0;
		};
/* End PBXShellScriptBuildPhase section */

/* Begin PBXSourcesBuildPhase section */
		BE2C1F1D21AC30DF0000161A /* Sources */ = {
			isa = PBXSourcesBuildPhase;
			buildActionMask = 2147483647;
			files = (
				BE75465121AD6301005FF2D7 /* InstanceProvider.swift in Sources */,
				BE2C1F2721AC30DF0000161A /* LoginViewController.swift in Sources */,
				BE2C1F2521AC30DF0000161A /* AppDelegate.swift in Sources */,
			);
			runOnlyForDeploymentPostprocessing = 0;
		};
		BE2C1F3121AC30E00000161A /* Sources */ = {
			isa = PBXSourcesBuildPhase;
			buildActionMask = 2147483647;
			files = (
				BE2C1F3A21AC30E00000161A /* CleanKiwiTests.swift in Sources */,
			);
			runOnlyForDeploymentPostprocessing = 0;
		};
		BE2C1F4521AC34540000161A /* Sources */ = {
			isa = PBXSourcesBuildPhase;
			buildActionMask = 2147483647;
			files = (
				BE75465621AD6C32005FF2D7 /* LoginPresenter.swift in Sources */,
				BE75465421AD6A8E005FF2D7 /* LoginView.swift in Sources */,
			);
			runOnlyForDeploymentPostprocessing = 0;
		};
		BE2C1F4D21AC34540000161A /* Sources */ = {
			isa = PBXSourcesBuildPhase;
			buildActionMask = 2147483647;
			files = (
				BE75465A21AD709E005FF2D7 /* LoginPresenterTests.swift in Sources */,
				BE2C1F5921AC34540000161A /* CleanKiwiCoreTests.swift in Sources */,
			);
			runOnlyForDeploymentPostprocessing = 0;
		};
/* End PBXSourcesBuildPhase section */

/* Begin PBXTargetDependency section */
		BE2C1F3721AC30E00000161A /* PBXTargetDependency */ = {
			isa = PBXTargetDependency;
			target = BE2C1F2021AC30DF0000161A /* CleanKiwi */;
			targetProxy = BE2C1F3621AC30E00000161A /* PBXContainerItemProxy */;
		};
		BE2C1F5421AC34540000161A /* PBXTargetDependency */ = {
			isa = PBXTargetDependency;
			target = BE2C1F4821AC34540000161A /* CleanKiwiCore */;
			targetProxy = BE2C1F5321AC34540000161A /* PBXContainerItemProxy */;
		};
		BE2C1F5D21AC34540000161A /* PBXTargetDependency */ = {
			isa = PBXTargetDependency;
			target = BE2C1F4821AC34540000161A /* CleanKiwiCore */;
			targetProxy = BE2C1F5C21AC34540000161A /* PBXContainerItemProxy */;
		};
/* End PBXTargetDependency section */

/* Begin PBXVariantGroup section */
		BE2C1F2821AC30DF0000161A /* Login.storyboard */ = {
			isa = PBXVariantGroup;
			children = (
				BE2C1F2921AC30DF0000161A /* Base */,
			);
			name = Login.storyboard;
			sourceTree = "<group>";
		};
		BE2C1F2D21AC30E00000161A /* LaunchScreen.storyboard */ = {
			isa = PBXVariantGroup;
			children = (
				BE2C1F2E21AC30E00000161A /* Base */,
			);
			name = LaunchScreen.storyboard;
			sourceTree = "<group>";
		};
/* End PBXVariantGroup section */

/* Begin XCBuildConfiguration section */
		BE2C1F3C21AC30E00000161A /* Debug */ = {
			isa = XCBuildConfiguration;
			buildSettings = {
				ALWAYS_SEARCH_USER_PATHS = NO;
				CLANG_ANALYZER_NONNULL = YES;
				CLANG_ANALYZER_NUMBER_OBJECT_CONVERSION = YES_AGGRESSIVE;
				CLANG_CXX_LANGUAGE_STANDARD = "gnu++14";
				CLANG_CXX_LIBRARY = "libc++";
				CLANG_ENABLE_MODULES = YES;
				CLANG_ENABLE_OBJC_ARC = YES;
				CLANG_ENABLE_OBJC_WEAK = YES;
				CLANG_WARN_BLOCK_CAPTURE_AUTORELEASING = YES;
				CLANG_WARN_BOOL_CONVERSION = YES;
				CLANG_WARN_COMMA = YES;
				CLANG_WARN_CONSTANT_CONVERSION = YES;
				CLANG_WARN_DEPRECATED_OBJC_IMPLEMENTATIONS = YES;
				CLANG_WARN_DIRECT_OBJC_ISA_USAGE = YES_ERROR;
				CLANG_WARN_DOCUMENTATION_COMMENTS = YES;
				CLANG_WARN_EMPTY_BODY = YES;
				CLANG_WARN_ENUM_CONVERSION = YES;
				CLANG_WARN_INFINITE_RECURSION = YES;
				CLANG_WARN_INT_CONVERSION = YES;
				CLANG_WARN_NON_LITERAL_NULL_CONVERSION = YES;
				CLANG_WARN_OBJC_IMPLICIT_RETAIN_SELF = YES;
				CLANG_WARN_OBJC_LITERAL_CONVERSION = YES;
				CLANG_WARN_OBJC_ROOT_CLASS = YES_ERROR;
				CLANG_WARN_RANGE_LOOP_ANALYSIS = YES;
				CLANG_WARN_STRICT_PROTOTYPES = YES;
				CLANG_WARN_SUSPICIOUS_MOVE = YES;
				CLANG_WARN_UNGUARDED_AVAILABILITY = YES_AGGRESSIVE;
				CLANG_WARN_UNREACHABLE_CODE = YES;
				CLANG_WARN__DUPLICATE_METHOD_MATCH = YES;
				CODE_SIGN_IDENTITY = "iPhone Developer";
				COPY_PHASE_STRIP = NO;
				DEBUG_INFORMATION_FORMAT = dwarf;
				ENABLE_STRICT_OBJC_MSGSEND = YES;
				ENABLE_TESTABILITY = YES;
				GCC_C_LANGUAGE_STANDARD = gnu11;
				GCC_DYNAMIC_NO_PIC = NO;
				GCC_NO_COMMON_BLOCKS = YES;
				GCC_OPTIMIZATION_LEVEL = 0;
				GCC_PREPROCESSOR_DEFINITIONS = (
					"DEBUG=1",
					"$(inherited)",
				);
				GCC_WARN_64_TO_32_BIT_CONVERSION = YES;
				GCC_WARN_ABOUT_RETURN_TYPE = YES_ERROR;
				GCC_WARN_UNDECLARED_SELECTOR = YES;
				GCC_WARN_UNINITIALIZED_AUTOS = YES_AGGRESSIVE;
				GCC_WARN_UNUSED_FUNCTION = YES;
				GCC_WARN_UNUSED_VARIABLE = YES;
				IPHONEOS_DEPLOYMENT_TARGET = 12.1;
				MTL_ENABLE_DEBUG_INFO = INCLUDE_SOURCE;
				MTL_FAST_MATH = YES;
				ONLY_ACTIVE_ARCH = YES;
				SDKROOT = iphoneos;
				SWIFT_ACTIVE_COMPILATION_CONDITIONS = DEBUG;
				SWIFT_OPTIMIZATION_LEVEL = "-Onone";
			};
			name = Debug;
		};
		BE2C1F3D21AC30E00000161A /* Release */ = {
			isa = XCBuildConfiguration;
			buildSettings = {
				ALWAYS_SEARCH_USER_PATHS = NO;
				CLANG_ANALYZER_NONNULL = YES;
				CLANG_ANALYZER_NUMBER_OBJECT_CONVERSION = YES_AGGRESSIVE;
				CLANG_CXX_LANGUAGE_STANDARD = "gnu++14";
				CLANG_CXX_LIBRARY = "libc++";
				CLANG_ENABLE_MODULES = YES;
				CLANG_ENABLE_OBJC_ARC = YES;
				CLANG_ENABLE_OBJC_WEAK = YES;
				CLANG_WARN_BLOCK_CAPTURE_AUTORELEASING = YES;
				CLANG_WARN_BOOL_CONVERSION = YES;
				CLANG_WARN_COMMA = YES;
				CLANG_WARN_CONSTANT_CONVERSION = YES;
				CLANG_WARN_DEPRECATED_OBJC_IMPLEMENTATIONS = YES;
				CLANG_WARN_DIRECT_OBJC_ISA_USAGE = YES_ERROR;
				CLANG_WARN_DOCUMENTATION_COMMENTS = YES;
				CLANG_WARN_EMPTY_BODY = YES;
				CLANG_WARN_ENUM_CONVERSION = YES;
				CLANG_WARN_INFINITE_RECURSION = YES;
				CLANG_WARN_INT_CONVERSION = YES;
				CLANG_WARN_NON_LITERAL_NULL_CONVERSION = YES;
				CLANG_WARN_OBJC_IMPLICIT_RETAIN_SELF = YES;
				CLANG_WARN_OBJC_LITERAL_CONVERSION = YES;
				CLANG_WARN_OBJC_ROOT_CLASS = YES_ERROR;
				CLANG_WARN_RANGE_LOOP_ANALYSIS = YES;
				CLANG_WARN_STRICT_PROTOTYPES = YES;
				CLANG_WARN_SUSPICIOUS_MOVE = YES;
				CLANG_WARN_UNGUARDED_AVAILABILITY = YES_AGGRESSIVE;
				CLANG_WARN_UNREACHABLE_CODE = YES;
				CLANG_WARN__DUPLICATE_METHOD_MATCH = YES;
				CODE_SIGN_IDENTITY = "iPhone Developer";
				COPY_PHASE_STRIP = NO;
				DEBUG_INFORMATION_FORMAT = "dwarf-with-dsym";
				ENABLE_NS_ASSERTIONS = NO;
				ENABLE_STRICT_OBJC_MSGSEND = YES;
				GCC_C_LANGUAGE_STANDARD = gnu11;
				GCC_NO_COMMON_BLOCKS = YES;
				GCC_WARN_64_TO_32_BIT_CONVERSION = YES;
				GCC_WARN_ABOUT_RETURN_TYPE = YES_ERROR;
				GCC_WARN_UNDECLARED_SELECTOR = YES;
				GCC_WARN_UNINITIALIZED_AUTOS = YES_AGGRESSIVE;
				GCC_WARN_UNUSED_FUNCTION = YES;
				GCC_WARN_UNUSED_VARIABLE = YES;
				IPHONEOS_DEPLOYMENT_TARGET = 12.1;
				MTL_ENABLE_DEBUG_INFO = NO;
				MTL_FAST_MATH = YES;
				SDKROOT = iphoneos;
				SWIFT_COMPILATION_MODE = wholemodule;
				SWIFT_OPTIMIZATION_LEVEL = "-O";
				VALIDATE_PRODUCT = YES;
			};
			name = Release;
		};
		BE2C1F3F21AC30E00000161A /* Debug */ = {
			isa = XCBuildConfiguration;
			baseConfigurationReference = 0F7DC9DED46EF850C750706A /* Pods-CleanKiwi.debug.xcconfig */;
			buildSettings = {
				ALWAYS_EMBED_SWIFT_STANDARD_LIBRARIES = YES;
				ASSETCATALOG_COMPILER_APPICON_NAME = AppIcon;
				CODE_SIGN_IDENTITY = "";
				CODE_SIGN_STYLE = Manual;
				DEVELOPMENT_TEAM = "";
				INFOPLIST_FILE = CleanKiwi/Info.plist;
				IPHONEOS_DEPLOYMENT_TARGET = 11.0;
				LD_RUNPATH_SEARCH_PATHS = (
					"$(inherited)",
					"@executable_path/Frameworks",
				);
				PRODUCT_BUNDLE_IDENTIFIER = com.kiwi.CleanKiwi;
				PRODUCT_NAME = "$(TARGET_NAME)";
				PROVISIONING_PROFILE_SPECIFIER = "";
				SWIFT_VERSION = 4.2;
				TARGETED_DEVICE_FAMILY = "1,2";
			};
			name = Debug;
		};
		BE2C1F4021AC30E00000161A /* Release */ = {
			isa = XCBuildConfiguration;
			baseConfigurationReference = 3853B9E464B3660AEE9D45B1 /* Pods-CleanKiwi.release.xcconfig */;
			buildSettings = {
				ALWAYS_EMBED_SWIFT_STANDARD_LIBRARIES = YES;
				ASSETCATALOG_COMPILER_APPICON_NAME = AppIcon;
				CODE_SIGN_IDENTITY = "";
				CODE_SIGN_STYLE = Manual;
				DEVELOPMENT_TEAM = "";
				INFOPLIST_FILE = CleanKiwi/Info.plist;
				IPHONEOS_DEPLOYMENT_TARGET = 11.0;
				LD_RUNPATH_SEARCH_PATHS = (
					"$(inherited)",
					"@executable_path/Frameworks",
				);
				PRODUCT_BUNDLE_IDENTIFIER = com.kiwi.CleanKiwi;
				PRODUCT_NAME = "$(TARGET_NAME)";
				PROVISIONING_PROFILE_SPECIFIER = "";
				SWIFT_VERSION = 4.2;
				TARGETED_DEVICE_FAMILY = "1,2";
			};
			name = Release;
		};
		BE2C1F4221AC30E00000161A /* Debug */ = {
			isa = XCBuildConfiguration;
			baseConfigurationReference = 5DA8EA6BA48F0AB4EB38C7F3 /* Pods-CleanKiwiTests.debug.xcconfig */;
			buildSettings = {
				ALWAYS_EMBED_SWIFT_STANDARD_LIBRARIES = YES;
				BUNDLE_LOADER = "$(TEST_HOST)";
				CODE_SIGN_STYLE = Manual;
				DEVELOPMENT_TEAM = "";
				INFOPLIST_FILE = CleanKiwiTests/Info.plist;
				LD_RUNPATH_SEARCH_PATHS = (
					"$(inherited)",
					"@executable_path/Frameworks",
					"@loader_path/Frameworks",
				);
				PRODUCT_BUNDLE_IDENTIFIER = com.kiwi.CleanKiwiTests;
				PRODUCT_NAME = "$(TARGET_NAME)";
				PROVISIONING_PROFILE_SPECIFIER = "";
				SWIFT_VERSION = 4.2;
				TARGETED_DEVICE_FAMILY = "1,2";
				TEST_HOST = "$(BUILT_PRODUCTS_DIR)/CleanKiwi.app/CleanKiwi";
			};
			name = Debug;
		};
		BE2C1F4321AC30E00000161A /* Release */ = {
			isa = XCBuildConfiguration;
			baseConfigurationReference = AEF8682045F04386CA641DD7 /* Pods-CleanKiwiTests.release.xcconfig */;
			buildSettings = {
				ALWAYS_EMBED_SWIFT_STANDARD_LIBRARIES = YES;
				BUNDLE_LOADER = "$(TEST_HOST)";
				CODE_SIGN_STYLE = Manual;
				DEVELOPMENT_TEAM = "";
				INFOPLIST_FILE = CleanKiwiTests/Info.plist;
				LD_RUNPATH_SEARCH_PATHS = (
					"$(inherited)",
					"@executable_path/Frameworks",
					"@loader_path/Frameworks",
				);
				PRODUCT_BUNDLE_IDENTIFIER = com.kiwi.CleanKiwiTests;
				PRODUCT_NAME = "$(TARGET_NAME)";
				PROVISIONING_PROFILE_SPECIFIER = "";
				SWIFT_VERSION = 4.2;
				TARGETED_DEVICE_FAMILY = "1,2";
				TEST_HOST = "$(BUILT_PRODUCTS_DIR)/CleanKiwi.app/CleanKiwi";
			};
			name = Release;
		};
		BE2C1F6021AC34540000161A /* Debug */ = {
			isa = XCBuildConfiguration;
			buildSettings = {
				CLANG_ENABLE_MODULES = YES;
				CODE_SIGN_IDENTITY = "";
				CODE_SIGN_STYLE = Manual;
				CURRENT_PROJECT_VERSION = 1;
				DEFINES_MODULE = YES;
				DEVELOPMENT_TEAM = "";
				DYLIB_COMPATIBILITY_VERSION = 1;
				DYLIB_CURRENT_VERSION = 1;
				DYLIB_INSTALL_NAME_BASE = "@rpath";
				INFOPLIST_FILE = CleanKiwiCore/Info.plist;
				INSTALL_PATH = "$(LOCAL_LIBRARY_DIR)/Frameworks";
				IPHONEOS_DEPLOYMENT_TARGET = 11.0;
				LD_RUNPATH_SEARCH_PATHS = (
					"$(inherited)",
					"@executable_path/Frameworks",
					"@loader_path/Frameworks",
				);
				PRODUCT_BUNDLE_IDENTIFIER = com.kiwi.CleanKiwiCore;
				PRODUCT_NAME = "$(TARGET_NAME:c99extidentifier)";
				PROVISIONING_PROFILE_SPECIFIER = "";
				SDKROOT = "";
				SKIP_INSTALL = YES;
				SUPPORTED_PLATFORMS = "iphonesimulator iphoneos macosx";
				SWIFT_OPTIMIZATION_LEVEL = "-Onone";
				SWIFT_VERSION = 4.2;
				TARGETED_DEVICE_FAMILY = "1,2";
				VALID_ARCHS = "arm64 arm64e armv7 armv7s x86_64 i386";
				VERSIONING_SYSTEM = "apple-generic";
				VERSION_INFO_PREFIX = "";
			};
			name = Debug;
		};
		BE2C1F6121AC34540000161A /* Release */ = {
			isa = XCBuildConfiguration;
			buildSettings = {
				CLANG_ENABLE_MODULES = YES;
				CODE_SIGN_IDENTITY = "";
				CODE_SIGN_STYLE = Manual;
				CURRENT_PROJECT_VERSION = 1;
				DEFINES_MODULE = YES;
				DYLIB_COMPATIBILITY_VERSION = 1;
				DYLIB_CURRENT_VERSION = 1;
				DYLIB_INSTALL_NAME_BASE = "@rpath";
				INFOPLIST_FILE = CleanKiwiCore/Info.plist;
				INSTALL_PATH = "$(LOCAL_LIBRARY_DIR)/Frameworks";
				IPHONEOS_DEPLOYMENT_TARGET = 11.0;
				LD_RUNPATH_SEARCH_PATHS = (
					"$(inherited)",
					"@executable_path/Frameworks",
					"@loader_path/Frameworks",
				);
				PRODUCT_BUNDLE_IDENTIFIER = com.kiwi.CleanKiwiCore;
				PRODUCT_NAME = "$(TARGET_NAME:c99extidentifier)";
				PROVISIONING_PROFILE_SPECIFIER = "";
				SDKROOT = "";
				SKIP_INSTALL = YES;
				SUPPORTED_PLATFORMS = "iphonesimulator iphoneos macosx";
				SWIFT_VERSION = 4.2;
				TARGETED_DEVICE_FAMILY = "1,2";
				VALID_ARCHS = "arm64 arm64e armv7 armv7s x86_64 i386";
				VERSIONING_SYSTEM = "apple-generic";
				VERSION_INFO_PREFIX = "";
			};
			name = Release;
		};
		BE2C1F6221AC34540000161A /* Debug */ = {
			isa = XCBuildConfiguration;
			buildSettings = {
				ALWAYS_EMBED_SWIFT_STANDARD_LIBRARIES = YES;
				CODE_SIGN_IDENTITY = "";
				CODE_SIGN_STYLE = Manual;
				DEVELOPMENT_TEAM = "";
				INFOPLIST_FILE = CleanKiwiCoreTests/Info.plist;
				LD_RUNPATH_SEARCH_PATHS = (
					"$(inherited)",
					"@executable_path/Frameworks",
					"@loader_path/Frameworks",
					"${DT_TOOLCHAIN_DIR}/usr/lib/swift/macosx/",
				);
				PRODUCT_BUNDLE_IDENTIFIER = com.kiwi.CleanKiwiCoreTests;
				PRODUCT_NAME = "$(TARGET_NAME)";
				PROVISIONING_PROFILE_SPECIFIER = "";
				SDKROOT = "";
				SUPPORTED_PLATFORMS = "iphonesimulator iphoneos macosx";
				SWIFT_VERSION = 4.2;
				TARGETED_DEVICE_FAMILY = "1,2";
				VALID_ARCHS = "arm64 arm64e armv7 armv7s x86_64 i386";
			};
			name = Debug;
		};
		BE2C1F6321AC34540000161A /* Release */ = {
			isa = XCBuildConfiguration;
			buildSettings = {
				ALWAYS_EMBED_SWIFT_STANDARD_LIBRARIES = YES;
				CODE_SIGN_IDENTITY = "";
				CODE_SIGN_STYLE = Manual;
				DEVELOPMENT_TEAM = "";
				INFOPLIST_FILE = CleanKiwiCoreTests/Info.plist;
				LD_RUNPATH_SEARCH_PATHS = (
					"$(inherited)",
					"@executable_path/Frameworks",
					"@loader_path/Frameworks",
					"${DT_TOOLCHAIN_DIR}/usr/lib/swift/macosx/",
				);
				PRODUCT_BUNDLE_IDENTIFIER = com.kiwi.CleanKiwiCoreTests;
				PRODUCT_NAME = "$(TARGET_NAME)";
				PROVISIONING_PROFILE_SPECIFIER = "";
				SDKROOT = "";
				SUPPORTED_PLATFORMS = "iphonesimulator iphoneos macosx";
				SWIFT_VERSION = 4.2;
				TARGETED_DEVICE_FAMILY = "1,2";
				VALID_ARCHS = "arm64 arm64e armv7 armv7s x86_64 i386";
			};
			name = Release;
		};
/* End XCBuildConfiguration section */

/* Begin XCConfigurationList section */
		BE2C1F1C21AC30DF0000161A /* Build configuration list for PBXProject "CleanKiwi" */ = {
			isa = XCConfigurationList;
			buildConfigurations = (
				BE2C1F3C21AC30E00000161A /* Debug */,
				BE2C1F3D21AC30E00000161A /* Release */,
			);
			defaultConfigurationIsVisible = 0;
			defaultConfigurationName = Release;
		};
		BE2C1F3E21AC30E00000161A /* Build configuration list for PBXNativeTarget "CleanKiwi" */ = {
			isa = XCConfigurationList;
			buildConfigurations = (
				BE2C1F3F21AC30E00000161A /* Debug */,
				BE2C1F4021AC30E00000161A /* Release */,
			);
			defaultConfigurationIsVisible = 0;
			defaultConfigurationName = Release;
		};
		BE2C1F4121AC30E00000161A /* Build configuration list for PBXNativeTarget "CleanKiwiTests" */ = {
			isa = XCConfigurationList;
			buildConfigurations = (
				BE2C1F4221AC30E00000161A /* Debug */,
				BE2C1F4321AC30E00000161A /* Release */,
			);
			defaultConfigurationIsVisible = 0;
			defaultConfigurationName = Release;
		};
		BE2C1F6421AC34540000161A /* Build configuration list for PBXNativeTarget "CleanKiwiCore" */ = {
			isa = XCConfigurationList;
			buildConfigurations = (
				BE2C1F6021AC34540000161A /* Debug */,
				BE2C1F6121AC34540000161A /* Release */,
			);
			defaultConfigurationIsVisible = 0;
			defaultConfigurationName = Release;
		};
		BE2C1F6621AC34540000161A /* Build configuration list for PBXNativeTarget "CleanKiwiCoreTests" */ = {
			isa = XCConfigurationList;
			buildConfigurations = (
				BE2C1F6221AC34540000161A /* Debug */,
				BE2C1F6321AC34540000161A /* Release */,
			);
			defaultConfigurationIsVisible = 0;
			defaultConfigurationName = Release;
		};
/* End XCConfigurationList section */
	};
	rootObject = BE2C1F1921AC30DF0000161A /* Project object */;
}
